
Microsoft Visual Studio Solution File, Format Version 12.00
# Visual Studio 15
VisualStudioVersion = 15.0.28010.2050
MinimumVisualStudioVersion = 10.0.40219.1
Project("{9A19103F-16F7-4668-BE54-9A1E7A4F7556}") = "Mir.Commons", "Mir.Commons\Mir.Commons.csproj", "{4B9B413E-EB25-4828-AA40-C17E130C8AE3}"
EndProject
Project("{FAE04EC0-301F-11D3-BF4B-00C04F79EFBC}") = "UnitTest", "UnitTest\UnitTest.csproj", "{261FDB2F-2356-4E86-86D4-ED3F96D8B1C8}"
EndProject
Global
	GlobalSection(SolutionConfigurationPlatforms) = preSolution
		Debug|Any CPU = Debug|Any CPU
		Release|Any CPU = Release|Any CPU
	EndGlobalSection
	GlobalSection(ProjectConfigurationPlatforms) = postSolution
		{4B9B413E-EB25-4828-AA40-C17E130C8AE3}.Debug|Any CPU.ActiveCfg = Debug|Any CPU
		{4B9B413E-EB25-4828-AA40-C17E130C8AE3}.Debug|Any CPU.Build.0 = Debug|Any CPU
		{4B9B413E-EB25-4828-AA40-C17E130C8AE3}.Release|Any CPU.ActiveCfg = Release|Any CPU
		{4B9B413E-EB25-4828-AA40-C17E130C8AE3}.Release|Any CPU.Build.0 = Release|Any CPU
		{261FDB2F-2356-4E86-86D4-ED3F96D8B1C8}.Debug|Any CPU.ActiveCfg = Debug|Any CPU
		{261FDB2F-2356-4E86-86D4-ED3F96D8B1C8}.Debug|Any CPU.Build.0 = Debug|Any CPU
		{261FDB2F-2356-4E86-86D4-ED3F96D8B1C8}.Release|Any CPU.ActiveCfg = Release|Any CPU
		{261FDB2F-2356-4E86-86D4-ED3F96D8B1C8}.Release|Any CPU.Build.0 = Release|Any CPU
	EndGlobalSection
	GlobalSection(SolutionProperties) = preSolution
		HideSolutionNode = FALSE
	EndGlobalSection
	GlobalSection(ExtensibilityGlobals) = postSolution
		SolutionGuid = {62139C70-D553-4BCF-AF24-0D194501B233}
	EndGlobalSection
EndGlobal
